// !$*UTF8*$!
{
	archiveVersion = 1;
	classes = {
	};
	objectVersion = 46;
	objects = {

/* Begin PBXBuildFile section */
		C320F4F21D9D0E5300C2F721 /* main.m in Sources */ = {isa = PBXBuildFile; fileRef = C320F4F11D9D0E5300C2F721 /* main.m */; };
		C320F4F51D9D0E5300C2F721 /* AppDelegate.m in Sources */ = {isa = PBXBuildFile; fileRef = C320F4F41D9D0E5300C2F721 /* AppDelegate.m */; };
		C320F4F81D9D0E5300C2F721 /* ViewController.m in Sources */ = {isa = PBXBuildFile; fileRef = C320F4F71D9D0E5300C2F721 /* ViewController.m */; };
		C320F4FB1D9D0E5300C2F721 /* Main.storyboard in Resources */ = {isa = PBXBuildFile; fileRef = C320F4F91D9D0E5300C2F721 /* Main.storyboard */; };
		C320F4FD1D9D0E5300C2F721 /* Assets.xcassets in Resources */ = {isa = PBXBuildFile; fileRef = C320F4FC1D9D0E5300C2F721 /* Assets.xcassets */; };
		C320F5001D9D0E5300C2F721 /* LaunchScreen.storyboard in Resources */ = {isa = PBXBuildFile; fileRef = C320F4FE1D9D0E5300C2F721 /* LaunchScreen.storyboard */; };
		C320F50B1D9D0E5300C2F721 /* QRTestTests.m in Sources */ = {isa = PBXBuildFile; fileRef = C320F50A1D9D0E5300C2F721 /* QRTestTests.m */; };
		C320F5161D9D0E5300C2F721 /* QRTestUITests.m in Sources */ = {isa = PBXBuildFile; fileRef = C320F5151D9D0E5300C2F721 /* QRTestUITests.m */; };
		C3A8311E1DB00FF200D8BD86 /* CreateQRCode.m in Sources */ = {isa = PBXBuildFile; fileRef = C3A8311D1DB00FF200D8BD86 /* CreateQRCode.m */; };
/* End PBXBuildFile section */

/* Begin PBXContainerItemProxy section */
		C320F5071D9D0E5300C2F721 /* PBXContainerItemProxy */ = {
			isa = PBXContainerItemProxy;
			containerPortal = C320F4E51D9D0E5300C2F721 /* Project object */;
			proxyType = 1;
			remoteGlobalIDString = C320F4EC1D9D0E5300C2F721;
			remoteInfo = QRTest;
		};
		C320F5121D9D0E5300C2F721 /* PBXContainerItemProxy */ = {
			isa = PBXContainerItemProxy;
			containerPortal = C320F4E51D9D0E5300C2F721 /* Project object */;
			proxyType = 1;
			remoteGlobalIDString = C320F4EC1D9D0E5300C2F721;
			remoteInfo = QRTest;
		};
/* End PBXContainerItemProxy section */

/* Begin PBXFileReference section */
		C320F4ED1D9D0E5300C2F721 /* QRTest.app */ = {isa = PBXFileReference; explicitFileType = wrapper.application; includeInIndex = 0; path = QRTest.app; sourceTree = BUILT_PRODUCTS_DIR; };
		C320F4F11D9D0E5300C2F721 /* main.m */ = {isa = PBXFileReference; lastKnownFileType = sourcecode.c.objc; path = main.m; sourceTree = "<group>"; };
		C320F4F31D9D0E5300C2F721 /* AppDelegate.h */ = {isa = PBXFileReference; lastKnownFileType = sourcecode.c.h; path = AppDelegate.h; sourceTree = "<group>"; };
		C320F4F41D9D0E5300C2F721 /* AppDelegate.m */ = {isa = PBXFileReference; lastKnownFileType = sourcecode.c.objc; path = AppDelegate.m; sourceTree = "<group>"; };
		C320F4F61D9D0E5300C2F721 /* ViewController.h */ = {isa = PBXFileReference; lastKnownFileType = sourcecode.c.h; path = ViewController.h; sourceTree = "<group>"; };
		C320F4F71D9D0E5300C2F721 /* ViewController.m */ = {isa = PBXFileReference; lastKnownFileType = sourcecode.c.objc; path = ViewController.m; sourceTree = "<group>"; };
		C320F4FA1D9D0E5300C2F721 /* Base */ = {isa = PBXFileReference; lastKnownFileType = file.storyboard; name = Base; path = Base.lproj/Main.storyboard; sourceTree = "<group>"; };
		C320F4FC1D9D0E5300C2F721 /* Assets.xcassets */ = {isa = PBXFileReference; lastKnownFileType = folder.assetcatalog; path = Assets.xcassets; sourceTree = "<group>"; };
		C320F4FF1D9D0E5300C2F721 /* Base */ = {isa = PBXFileReference; lastKnownFileType = file.storyboard; name = Base; path = Base.lproj/LaunchScreen.storyboard; sourceTree = "<group>"; };
		C320F5011D9D0E5300C2F721 /* Info.plist */ = {isa = PBXFileReference; lastKnownFileType = text.plist.xml; path = Info.plist; sourceTree = "<group>"; };
		C320F5061D9D0E5300C2F721 /* QRTestTests.xctest */ = {isa = PBXFileReference; explicitFileType = wrapper.cfbundle; includeInIndex = 0; path = QRTestTests.xctest; sourceTree = BUILT_PRODUCTS_DIR; };
		C320F50A1D9D0E5300C2F721 /* QRTestTests.m */ = {isa = PBXFileReference; lastKnownFileType = sourcecode.c.objc; path = QRTestTests.m; sourceTree = "<group>"; };
		C320F50C1D9D0E5300C2F721 /* Info.plist */ = {isa = PBXFileReference; lastKnownFileType = text.plist.xml; path = Info.plist; sourceTree = "<group>"; };
		C320F5111D9D0E5300C2F721 /* QRTestUITests.xctest */ = {isa = PBXFileReference; explicitFileType = wrapper.cfbundle; includeInIndex = 0; path = QRTestUITests.xctest; sourceTree = BUILT_PRODUCTS_DIR; };
		C320F5151D9D0E5300C2F721 /* QRTestUITests.m */ = {isa = PBXFileReference; lastKnownFileType = sourcecode.c.objc; path = QRTestUITests.m; sourceTree = "<group>"; };
		C320F5171D9D0E5300C2F721 /* Info.plist */ = {isa = PBXFileReference; lastKnownFileType = text.plist.xml; path = Info.plist; sourceTree = "<group>"; };
		C33B4A881DBA759200545FC0 /* zh-Hant */ = {isa = PBXFileReference; lastKnownFileType = text.plist.strings; name = "zh-Hant"; path = "zh-Hant.lproj/Main.strings"; sourceTree = "<group>"; };
		C33B4A891DBA770B00545FC0 /* zh-Hans */ = {isa = PBXFileReference; lastKnownFileType = text.plist.strings; name = "zh-Hans"; path = "zh-Hans.lproj/Main.strings"; sourceTree = "<group>"; };
		C33B4A951DBA948500545FC0 /* en */ = {isa = PBXFileReference; lastKnownFileType = text.plist.strings; name = en; path = en.lproj/Main.strings; sourceTree = "<group>"; };
		C3A8311C1DB00FF200D8BD86 /* CreateQRCode.h */ = {isa = PBXFileReference; fileEncoding = 4; lastKnownFileType = sourcecode.c.h; path = CreateQRCode.h; sourceTree = "<group>"; };
		C3A8311D1DB00FF200D8BD86 /* CreateQRCode.m */ = {isa = PBXFileReference; fileEncoding = 4; lastKnownFileType = sourcecode.c.objc; path = CreateQRCode.m; sourceTree = "<group>"; };
/* End PBXFileReference section */

/* Begin PBXFrameworksBuildPhase section */
		C320F4EA1D9D0E5300C2F721 /* Frameworks */ = {
			isa = PBXFrameworksBuildPhase;
			buildActionMask = 2147483647;
			files = (
			);
			runOnlyForDeploymentPostprocessing = 0;
		};
		C320F5031D9D0E5300C2F721 /* Frameworks */ = {
			isa = PBXFrameworksBuildPhase;
			buildActionMask = 2147483647;
			files = (
			);
			runOnlyForDeploymentPostprocessing = 0;
		};
		C320F50E1D9D0E5300C2F721 /* Frameworks */ = {
			isa = PBXFrameworksBuildPhase;
			buildActionMask = 2147483647;
			files = (
			);
			runOnlyForDeploymentPostprocessing = 0;
		};
/* End PBXFrameworksBuildPhase section */

/* Begin PBXGroup section */
		C320F4E41D9D0E5300C2F721 = {
			isa = PBXGroup;
			children = (
				C320F4EF1D9D0E5300C2F721 /* QRTest */,
				C320F5091D9D0E5300C2F721 /* QRTestTests */,
				C320F5141D9D0E5300C2F721 /* QRTestUITests */,
				C320F4EE1D9D0E5300C2F721 /* Products */,
			);
			sourceTree = "<group>";
		};
		C320F4EE1D9D0E5300C2F721 /* Products */ = {
			isa = PBXGroup;
			children = (
				C320F4ED1D9D0E5300C2F721 /* QRTest.app */,
				C320F5061D9D0E5300C2F721 /* QRTestTests.xctest */,
				C320F5111D9D0E5300C2F721 /* QRTestUITests.xctest */,
			);
			name = Products;
			sourceTree = "<group>";
		};
		C320F4EF1D9D0E5300C2F721 /* QRTest */ = {
			isa = PBXGroup;
			children = (
				C320F4F31D9D0E5300C2F721 /* AppDelegate.h */,
				C320F4F41D9D0E5300C2F721 /* AppDelegate.m */,
				C320F4F61D9D0E5300C2F721 /* ViewController.h */,
				C320F4F71D9D0E5300C2F721 /* ViewController.m */,
				C3A8311C1DB00FF200D8BD86 /* CreateQRCode.h */,
				C3A8311D1DB00FF200D8BD86 /* CreateQRCode.m */,
				C320F4F91D9D0E5300C2F721 /* Main.storyboard */,
				C320F4FC1D9D0E5300C2F721 /* Assets.xcassets */,
				C320F4FE1D9D0E5300C2F721 /* LaunchScreen.storyboard */,
				C320F5011D9D0E5300C2F721 /* Info.plist */,
				C320F4F01D9D0E5300C2F721 /* Supporting Files */,
			);
			path = QRTest;
			sourceTree = "<group>";
		};
		C320F4F01D9D0E5300C2F721 /* Supporting Files */ = {
			isa = PBXGroup;
			children = (
				C320F4F11D9D0E5300C2F721 /* main.m */,
			);
			name = "Supporting Files";
			sourceTree = "<group>";
		};
		C320F5091D9D0E5300C2F721 /* QRTestTests */ = {
			isa = PBXGroup;
			children = (
				C320F50A1D9D0E5300C2F721 /* QRTestTests.m */,
				C320F50C1D9D0E5300C2F721 /* Info.plist */,
			);
			path = QRTestTests;
			sourceTree = "<group>";
		};
		C320F5141D9D0E5300C2F721 /* QRTestUITests */ = {
			isa = PBXGroup;
			children = (
				C320F5151D9D0E5300C2F721 /* QRTestUITests.m */,
				C320F5171D9D0E5300C2F721 /* Info.plist */,
			);
			path = QRTestUITests;
			sourceTree = "<group>";
		};
/* End PBXGroup section */

/* Begin PBXNativeTarget section */
		C320F4EC1D9D0E5300C2F721 /* QRTest */ = {
			isa = PBXNativeTarget;
			buildConfigurationList = C320F51A1D9D0E5300C2F721 /* Build configuration list for PBXNativeTarget "QRTest" */;
			buildPhases = (
				C320F4E91D9D0E5300C2F721 /* Sources */,
				C320F4EA1D9D0E5300C2F721 /* Frameworks */,
				C320F4EB1D9D0E5300C2F721 /* Resources */,
			);
			buildRules = (
			);
			dependencies = (
			);
			name = QRTest;
			productName = QRTest;
			productReference = C320F4ED1D9D0E5300C2F721 /* QRTest.app */;
			productType = "com.apple.product-type.application";
		};
		C320F5051D9D0E5300C2F721 /* QRTestTests */ = {
			isa = PBXNativeTarget;
			buildConfigurationList = C320F51D1D9D0E5300C2F721 /* Build configuration list for PBXNativeTarget "QRTestTests" */;
			buildPhases = (
				C320F5021D9D0E5300C2F721 /* Sources */,
				C320F5031D9D0E5300C2F721 /* Frameworks */,
				C320F5041D9D0E5300C2F721 /* Resources */,
			);
			buildRules = (
			);
			dependencies = (
				C320F5081D9D0E5300C2F721 /* PBXTargetDependency */,
			);
			name = QRTestTests;
			productName = QRTestTests;
			productReference = C320F5061D9D0E5300C2F721 /* QRTestTests.xctest */;
			productType = "com.apple.product-type.bundle.unit-test";
		};
		C320F5101D9D0E5300C2F721 /* QRTestUITests */ = {
			isa = PBXNativeTarget;
			buildConfigurationList = C320F5201D9D0E5300C2F721 /* Build configuration list for PBXNativeTarget "QRTestUITests" */;
			buildPhases = (
				C320F50D1D9D0E5300C2F721 /* Sources */,
				C320F50E1D9D0E5300C2F721 /* Frameworks */,
				C320F50F1D9D0E5300C2F721 /* Resources */,
			);
			buildRules = (
			);
			dependencies = (
				C320F5131D9D0E5300C2F721 /* PBXTargetDependency */,
			);
			name = QRTestUITests;
			productName = QRTestUITests;
			productReference = C320F5111D9D0E5300C2F721 /* QRTestUITests.xctest */;
			productType = "com.apple.product-type.bundle.ui-testing";
		};
/* End PBXNativeTarget section */

/* Begin PBXProject section */
		C320F4E51D9D0E5300C2F721 /* Project object */ = {
			isa = PBXProject;
			attributes = {
				LastUpgradeCheck = 0800;
				ORGANIZATIONNAME = Jr2000;
				TargetAttributes = {
					C320F4EC1D9D0E5300C2F721 = {
						CreatedOnToolsVersion = 8.0;
						DevelopmentTeam = T6BQ72477W;
						ProvisioningStyle = Automatic;
						SystemCapabilities = {
							com.apple.iCloud = {
								enabled = 0;
							};
						};
					};
					C320F5051D9D0E5300C2F721 = {
						CreatedOnToolsVersion = 8.0;
						ProvisioningStyle = Automatic;
						TestTargetID = C320F4EC1D9D0E5300C2F721;
					};
					C320F5101D9D0E5300C2F721 = {
						CreatedOnToolsVersion = 8.0;
						ProvisioningStyle = Automatic;
						TestTargetID = C320F4EC1D9D0E5300C2F721;
					};
				};
			};
			buildConfigurationList = C320F4E81D9D0E5300C2F721 /* Build configuration list for PBXProject "QRTest" */;
			compatibilityVersion = "Xcode 3.2";
			developmentRegion = English;
			hasScannedForEncodings = 0;
			knownRegions = (
				en,
				Base,
				de,
				fr,
				sv,
				"zh-Hans",
			);
			mainGroup = C320F4E41D9D0E5300C2F721;
			productRefGroup = C320F4EE1D9D0E5300C2F721 /* Products */;
			projectDirPath = "";
			projectRoot = "";
			targets = (
				C320F4EC1D9D0E5300C2F721 /* QRTest */,
				C320F5051D9D0E5300C2F721 /* QRTestTests */,
				C320F5101D9D0E5300C2F721 /* QRTestUITests */,
			);
		};
/* End PBXProject section */

/* Begin PBXResourcesBuildPhase section */
		C320F4EB1D9D0E5300C2F721 /* Resources */ = {
			isa = PBXResourcesBuildPhase;
			buildActionMask = 2147483647;
			files = (
				C320F5001D9D0E5300C2F721 /* LaunchScreen.storyboard in Resources */,
				C320F4FD1D9D0E5300C2F721 /* Assets.xcassets in Resources */,
				C320F4FB1D9D0E5300C2F721 /* Main.storyboard in Resources */,
			);
			runOnlyForDeploymentPostprocessing = 0;
		};
		C320F5041D9D0E5300C2F721 /* Resources */ = {
			isa = PBXResourcesBuildPhase;
			buildActionMask = 2147483647;
			files = (
			);
			runOnlyForDeploymentPostprocessing = 0;
		};
		C320F50F1D9D0E5300C2F721 /* Resources */ = {
			isa = PBXResourcesBuildPhase;
			buildActionMask = 2147483647;
			files = (
			);
			runOnlyForDeploymentPostprocessing = 0;
		};
/* End PBXResourcesBuildPhase section */

/* Begin PBXSourcesBuildPhase section */
		C320F4E91D9D0E5300C2F721 /* Sources */ = {
			isa = PBXSourcesBuildPhase;
			buildActionMask = 2147483647;
			files = (
				C320F4F81D9D0E5300C2F721 /* ViewController.m in Sources */,
				C320F4F51D9D0E5300C2F721 /* AppDelegate.m in Sources */,
				C320F4F21D9D0E5300C2F721 /* main.m in Sources */,
				C3A8311E1DB00FF200D8BD86 /* CreateQRCode.m in Sources */,
			);
			runOnlyForDeploymentPostprocessing = 0;
		};
		C320F5021D9D0E5300C2F721 /* Sources */ = {
			isa = PBXSourcesBuildPhase;
			buildActionMask = 2147483647;
			files = (
				C320F50B1D9D0E5300C2F721 /* QRTestTests.m in Sources */,
			);
			runOnlyForDeploymentPostprocessing = 0;
		};
		C320F50D1D9D0E5300C2F721 /* Sources */ = {
			isa = PBXSourcesBuildPhase;
			buildActionMask = 2147483647;
			files = (
				C320F5161D9D0E5300C2F721 /* QRTestUITests.m in Sources */,
			);
			runOnlyForDeploymentPostprocessing = 0;
		};
/* End PBXSourcesBuildPhase section */

/* Begin PBXTargetDependency section */
		C320F5081D9D0E5300C2F721 /* PBXTargetDependency */ = {
			isa = PBXTargetDependency;
			target = C320F4EC1D9D0E5300C2F721 /* QRTest */;
			targetProxy = C320F5071D9D0E5300C2F721 /* PBXContainerItemProxy */;
		};
		C320F5131D9D0E5300C2F721 /* PBXTargetDependency */ = {
			isa = PBXTargetDependency;
			target = C320F4EC1D9D0E5300C2F721 /* QRTest */;
			targetProxy = C320F5121D9D0E5300C2F721 /* PBXContainerItemProxy */;
		};
/* End PBXTargetDependency section */

/* Begin PBXVariantGroup section */
		C320F4F91D9D0E5300C2F721 /* Main.storyboard */ = {
			isa = PBXVariantGroup;
			children = (
				C320F4FA1D9D0E5300C2F721 /* Base */,
				C33B4A881DBA759200545FC0 /* zh-Hant */,
				C33B4A891DBA770B00545FC0 /* zh-Hans */,
				C33B4A951DBA948500545FC0 /* en */,
			);
			name = Main.storyboard;
			sourceTree = "<group>";
		};
		C320F4FE1D9D0E5300C2F721 /* LaunchScreen.storyboard */ = {
			isa = PBXVariantGroup;
			children = (
				C320F4FF1D9D0E5300C2F721 /* Base */,
			);
			name = LaunchScreen.storyboard;
			sourceTree = "<group>";
		};
/* End PBXVariantGroup section */

/* Begin XCBuildConfiguration section */
		C320F5181D9D0E5300C2F721 /* Debug */ = {
			isa = XCBuildConfiguration;
			buildSettings = {
				ALWAYS_SEARCH_USER_PATHS = NO;
				CLANG_ANALYZER_NONNULL = YES;
				CLANG_CXX_LANGUAGE_STANDARD = "gnu++0x";
				CLANG_CXX_LIBRARY = "libc++";
				CLANG_ENABLE_MODULES = YES;
				CLANG_ENABLE_OBJC_ARC = YES;
				CLANG_WARN_BOOL_CONVERSION = YES;
				CLANG_WARN_CONSTANT_CONVERSION = YES;
				CLANG_WARN_DIRECT_OBJC_ISA_USAGE = YES_ERROR;
				CLANG_WARN_DOCUMENTATION_COMMENTS = YES;
				CLANG_WARN_EMPTY_BODY = YES;
				CLANG_WARN_ENUM_CONVERSION = YES;
				CLANG_WARN_INFINITE_RECURSION = YES;
				CLANG_WARN_INT_CONVERSION = YES;
				CLANG_WARN_OBJC_ROOT_CLASS = YES_ERROR;
				CLANG_WARN_SUSPICIOUS_MOVES = YES;
				CLANG_WARN_UNREACHABLE_CODE = YES;
				CLANG_WARN__DUPLICATE_METHOD_MATCH = YES;
				"CODE_SIGN_IDENTITY[sdk=iphoneos*]" = "iPhone Developer";
				COPY_PHASE_STRIP = NO;
				DEBUG_INFORMATION_FORMAT = dwarf;
				ENABLE_STRICT_OBJC_MSGSEND = YES;
				ENABLE_TESTABILITY = YES;
				GCC_C_LANGUAGE_STANDARD = gnu99;
				GCC_DYNAMIC_NO_PIC = NO;
				GCC_NO_COMMON_BLOCKS = YES;
				GCC_OPTIMIZATION_LEVEL = 0;
				GCC_PREPROCESSOR_DEFINITIONS = (
					"DEBUG=1",
					"$(inherited)",
				);
				GCC_WARN_64_TO_32_BIT_CONVERSION = YES;
				GCC_WARN_ABOUT_RETURN_TYPE = YES_ERROR;
				GCC_WARN_UNDECLARED_SELECTOR = YES;
				GCC_WARN_UNINITIALIZED_AUTOS = YES_AGGRESSIVE;
				GCC_WARN_UNUSED_FUNCTION = YES;
				GCC_WARN_UNUSED_VARIABLE = YES;
				IPHONEOS_DEPLOYMENT_TARGET = 10.0;
				MTL_ENABLE_DEBUG_INFO = YES;
				ONLY_ACTIVE_ARCH = YES;
				SDKROOT = iphoneos;
			};
			name = Debug;
		};
		C320F5191D9D0E5300C2F721 /* Release */ = {
			isa = XCBuildConfiguration;
			buildSettings = {
				ALWAYS_SEARCH_USER_PATHS = NO;
				CLANG_ANALYZER_NONNULL = YES;
				CLANG_CXX_LANGUAGE_STANDARD = "gnu++0x";
				CLANG_CXX_LIBRARY = "libc++";
				CLANG_ENABLE_MODULES = YES;
				CLANG_ENABLE_OBJC_ARC = YES;
				CLANG_WARN_BOOL_CONVERSION = YES;
				CLANG_WARN_CONSTANT_CONVERSION = YES;
				CLANG_WARN_DIRECT_OBJC_ISA_USAGE = YES_ERROR;
				CLANG_WARN_DOCUMENTATION_COMMENTS = YES;
				CLANG_WARN_EMPTY_BODY = YES;
				CLANG_WARN_ENUM_CONVERSION = YES;
				CLANG_WARN_INFINITE_RECURSION = YES;
				CLANG_WARN_INT_CONVERSION = YES;
				CLANG_WARN_OBJC_ROOT_CLASS = YES_ERROR;
				CLANG_WARN_SUSPICIOUS_MOVES = YES;
				CLANG_WARN_UNREACHABLE_CODE = YES;
				CLANG_WARN__DUPLICATE_METHOD_MATCH = YES;
				"CODE_SIGN_IDENTITY[sdk=iphoneos*]" = "iPhone Developer";
				COPY_PHASE_STRIP = NO;
				DEBUG_INFORMATION_FORMAT = "dwarf-with-dsym";
				ENABLE_NS_ASSERTIONS = NO;
				ENABLE_STRICT_OBJC_MSGSEND = YES;
				GCC_C_LANGUAGE_STANDARD = gnu99;
				GCC_NO_COMMON_BLOCKS = YES;
				GCC_WARN_64_TO_32_BIT_CONVERSION = YES;
				GCC_WARN_ABOUT_RETURN_TYPE = YES_ERROR;
				GCC_WARN_UNDECLARED_SELECTOR = YES;
				GCC_WARN_UNINITIALIZED_AUTOS = YES_AGGRESSIVE;
				GCC_WARN_UNUSED_FUNCTION = YES;
				GCC_WARN_UNUSED_VARIABLE = YES;
				IPHONEOS_DEPLOYMENT_TARGET = 10.0;
				MTL_ENABLE_DEBUG_INFO = NO;
				SDKROOT = iphoneos;
				VALIDATE_PRODUCT = YES;
			};
			name = Release;
		};
		C320F51B1D9D0E5300C2F721 /* Debug */ = {
			isa = XCBuildConfiguration;
			buildSettings = {
				ASSETCATALOG_COMPILER_APPICON_NAME = AppIcon;
				DEVELOPMENT_TEAM = T6BQ72477W;
				INFOPLIST_FILE = QRTest/Info.plist;
				IPHONEOS_DEPLOYMENT_TARGET = 8.0;
				LD_RUNPATH_SEARCH_PATHS = "$(inherited) @executable_path/Frameworks";
				PRODUCT_BUNDLE_IDENTIFIER = com.Jr2000.QRTest;
				PRODUCT_NAME = "$(TARGET_NAME)";
			};
			name = Debug;
		};
		C320F51C1D9D0E5300C2F721 /* Release */ = {
			isa = XCBuildConfiguration;
			buildSettings = {
				ASSETCATALOG_COMPILER_APPICON_NAME = AppIcon;
				"DEBUG_INFORMATION_FORMAT[sdk=*]" = "dwarf-with-dsym";
				DEVELOPMENT_TEAM = T6BQ72477W;
				INFOPLIST_FILE = QRTest/Info.plist;
				IPHONEOS_DEPLOYMENT_TARGET = 8.0;
				LD_RUNPATH_SEARCH_PATHS = "$(inherited) @executable_path/Frameworks";
				PRODUCT_BUNDLE_IDENTIFIER = com.Jr2000.QRTest;
				PRODUCT_NAME = "$(TARGET_NAME)";
			};
			name = Release;
		};
		C320F51E1D9D0E5300C2F721 /* Debug */ = {
			isa = XCBuildConfiguration;
			buildSettings = {
				BUNDLE_LOADER = "$(TEST_HOST)";
				INFOPLIST_FILE = QRTestTests/Info.plist;
				LD_RUNPATH_SEARCH_PATHS = "$(inherited) @executable_path/Frameworks @loader_path/Frameworks";
				PRODUCT_BUNDLE_IDENTIFIER = com.xxx.QRTestTests;
				PRODUCT_NAME = "$(TARGET_NAME)";
				TEST_HOST = "$(BUILT_PRODUCTS_DIR)/QRTest.app/QRTest";
			};
			name = Debug;
		};
		C320F51F1D9D0E5300C2F721 /* Release */ = {
			isa = XCBuildConfiguration;
			buildSettings = {
				BUNDLE_LOADER = "$(TEST_HOST)";
				INFOPLIST_FILE = QRTestTests/Info.plist;
				LD_RUNPATH_SEARCH_PATHS = "$(inherited) @executable_path/Frameworks @loader_path/Frameworks";
				PRODUCT_BUNDLE_IDENTIFIER = com.xxx.QRTestTests;
				PRODUCT_NAME = "$(TARGET_NAME)";
				TEST_HOST = "$(BUILT_PRODUCTS_DIR)/QRTest.app/QRTest";
			};
			name = Release;
		};
		C320F5211D9D0E5300C2F721 /* Debug */ = {
			isa = XCBuildConfiguration;
			buildSettings = {
				INFOPLIST_FILE = QRTestUITests/Info.plist;
				LD_RUNPATH_SEARCH_PATHS = "$(inherited) @executable_path/Frameworks @loader_path/Frameworks";
				PRODUCT_BUNDLE_IDENTIFIER = com.xxx.QRTestUITests;
				PRODUCT_NAME = "$(TARGET_NAME)";
				TEST_TARGET_NAME = QRTest;
			};
			name = Debug;
		};
		C320F5221D9D0E5300C2F721 /* Release */ = {
			isa = XCBuildConfiguration;
			buildSettings = {
				INFOPLIST_FILE = QRTestUITests/Info.plist;
				LD_RUNPATH_SEARCH_PATHS = "$(inherited) @executable_path/Frameworks @loader_path/Frameworks";
				PRODUCT_BUNDLE_IDENTIFIER = com.xxx.QRTestUITests;
				PRODUCT_NAME = "$(TARGET_NAME)";
				TEST_TARGET_NAME = QRTest;
			};
			name = Release;
		};
		C3AFBB7A1DA38E1D00B83066 /* QRScan_AD_Hoc */ = {
			isa = XCBuildConfiguration;
			buildSettings = {
				ALWAYS_SEARCH_USER_PATHS = NO;
				CLANG_ANALYZER_NONNULL = YES;
				CLANG_CXX_LANGUAGE_STANDARD = "gnu++0x";
				CLANG_CXX_LIBRARY = "libc++";
				CLANG_ENABLE_MODULES = YES;
				CLANG_ENABLE_OBJC_ARC = YES;
				CLANG_WARN_BOOL_CONVERSION = YES;
				CLANG_WARN_CONSTANT_CONVERSION = YES;
				CLANG_WARN_DIRECT_OBJC_ISA_USAGE = YES_ERROR;
				CLANG_WARN_DOCUMENTATION_COMMENTS = YES;
				CLANG_WARN_EMPTY_BODY = YES;
				CLANG_WARN_ENUM_CONVERSION = YES;
				CLANG_WARN_INFINITE_RECURSION = YES;
				CLANG_WARN_INT_CONVERSION = YES;
				CLANG_WARN_OBJC_ROOT_CLASS = YES_ERROR;
				CLANG_WARN_SUSPICIOUS_MOVES = YES;
				CLANG_WARN_UNREACHABLE_CODE = YES;
				CLANG_WARN__DUPLICATE_METHOD_MATCH = YES;
				"CODE_SIGN_IDENTITY[sdk=iphoneos*]" = "iPhone Developer";
				COPY_PHASE_STRIP = NO;
				DEBUG_INFORMATION_FORMAT = "dwarf-with-dsym";
				ENABLE_NS_ASSERTIONS = NO;
				ENABLE_STRICT_OBJC_MSGSEND = YES;
				GCC_C_LANGUAGE_STANDARD = gnu99;
				GCC_NO_COMMON_BLOCKS = YES;
				GCC_WARN_64_TO_32_BIT_CONVERSION = YES;
				GCC_WARN_ABOUT_RETURN_TYPE = YES_ERROR;
				GCC_WARN_UNDECLARED_SELECTOR = YES;
				GCC_WARN_UNINITIALIZED_AUTOS = YES_AGGRESSIVE;
				GCC_WARN_UNUSED_FUNCTION = YES;
				GCC_WARN_UNUSED_VARIABLE = YES;
				IPHONEOS_DEPLOYMENT_TARGET = 10.0;
				MTL_ENABLE_DEBUG_INFO = NO;
				SDKROOT = iphoneos;
				VALIDATE_PRODUCT = YES;
			};
			name = QRScan_AD_Hoc;
		};
		C3AFBB7B1DA38E1D00B83066 /* QRScan_AD_Hoc */ = {
			isa = XCBuildConfiguration;
			buildSettings = {
				ASSETCATALOG_COMPILER_APPICON_NAME = AppIcon;
				DEVELOPMENT_TEAM = T6BQ72477W;
				INFOPLIST_FILE = QRTest/Info.plist;
				IPHONEOS_DEPLOYMENT_TARGET = 8.0;
				LD_RUNPATH_SEARCH_PATHS = "$(inherited) @executable_path/Frameworks";
				PRODUCT_BUNDLE_IDENTIFIER = com.Jr2000.QRTest;
				PRODUCT_NAME = "$(TARGET_NAME)";
			};
			name = QRScan_AD_Hoc;
		};
		C3AFBB7C1DA38E1D00B83066 /* QRScan_AD_Hoc */ = {
			isa = XCBuildConfiguration;
			buildSettings = {
				BUNDLE_LOADER = "$(TEST_HOST)";
				INFOPLIST_FILE = QRTestTests/Info.plist;
				LD_RUNPATH_SEARCH_PATHS = "$(inherited) @executable_path/Frameworks @loader_path/Frameworks";
				PRODUCT_BUNDLE_IDENTIFIER = com.xxx.QRTestTests;
				PRODUCT_NAME = "$(TARGET_NAME)";
				TEST_HOST = "$(BUILT_PRODUCTS_DIR)/QRTest.app/QRTest";
			};
			name = QRScan_AD_Hoc;
		};
		C3AFBB7D1DA38E1D00B83066 /* QRScan_AD_Hoc */ = {
			isa = XCBuildConfiguration;
			buildSettings = {
				INFOPLIST_FILE = QRTestUITests/Info.plist;
				LD_RUNPATH_SEARCH_PATHS = "$(inherited) @executable_path/Frameworks @loader_path/Frameworks";
				PRODUCT_BUNDLE_IDENTIFIER = com.xxx.QRTestUITests;
				PRODUCT_NAME = "$(TARGET_NAME)";
				TEST_TARGET_NAME = QRTest;
			};
			name = QRScan_AD_Hoc;
		};
/* End XCBuildConfiguration section */

/* Begin XCConfigurationList section */
		C320F4E81D9D0E5300C2F721 /* Build configuration list for PBXProject "QRTest" */ = {
			isa = XCConfigurationList;
			buildConfigurations = (
				C320F5181D9D0E5300C2F721 /* Debug */,
				C320F5191D9D0E5300C2F721 /* Release */,
				C3AFBB7A1DA38E1D00B83066 /* QRScan_AD_Hoc */,
			);
			defaultConfigurationIsVisible = 0;
			defaultConfigurationName = Release;
		};
		C320F51A1D9D0E5300C2F721 /* Build configuration list for PBXNativeTarget "QRTest" */ = {
			isa = XCConfigurationList;
			buildConfigurations = (
				C320F51B1D9D0E5300C2F721 /* Debug */,
				C320F51C1D9D0E5300C2F721 /* Release */,
				C3AFBB7B1DA38E1D00B83066 /* QRScan_AD_Hoc */,
			);
			defaultConfigurationIsVisible = 0;
			defaultConfigurationName = Release;
		};
		C320F51D1D9D0E5300C2F721 /* Build configuration list for PBXNativeTarget "QRTestTests" */ = {
			isa = XCConfigurationList;
			buildConfigurations = (
				C320F51E1D9D0E5300C2F721 /* Debug */,
				C320F51F1D9D0E5300C2F721 /* Release */,
				C3AFBB7C1DA38E1D00B83066 /* QRScan_AD_Hoc */,
			);
			defaultConfigurationIsVisible = 0;
			defaultConfigurationName = Release;
		};
		C320F5201D9D0E5300C2F721 /* Build configuration list for PBXNativeTarget "QRTestUITests" */ = {
			isa = XCConfigurationList;
			buildConfigurations = (
				C320F5211D9D0E5300C2F721 /* Debug */,
				C320F5221D9D0E5300C2F721 /* Release */,
				C3AFBB7D1DA38E1D00B83066 /* QRScan_AD_Hoc */,
			);
			defaultConfigurationIsVisible = 0;
			defaultConfigurationName = Release;
		};
/* End XCConfigurationList section */
	};
	rootObject = C320F4E51D9D0E5300C2F721 /* Project object */;
}
